
Microsoft Visual Studio Solution File, Format Version 12.00
# Visual Studio 2012
Project("{FAE04EC0-301F-11D3-BF4B-00C04F79EFBC}") = "CaptchaLib", "CaptchaLib\CaptchaLib.csproj", "{39623763-46E4-4A08-93E7-A94BDBACF077}"
EndProject
Project("{FAE04EC0-301F-11D3-BF4B-00C04F79EFBC}") = "TestWebApp", "TestWebApp\TestWebApp.csproj", "{F16A5809-2D11-407E-A633-8B79D01551EA}"
EndProject
Global
	GlobalSection(SolutionConfigurationPlatforms) = preSolution
		Debug|Any CPU = Debug|Any CPU
		Release|Any CPU = Release|Any CPU
	EndGlobalSection
	GlobalSection(ProjectConfigurationPlatforms) = postSolution
		{39623763-46E4-4A08-93E7-A94BDBACF077}.Debug|Any CPU.ActiveCfg = Debug|Any CPU
		{39623763-46E4-4A08-93E7-A94BDBACF077}.Debug|Any CPU.Build.0 = Debug|Any CPU
		{39623763-46E4-4A08-93E7-A94BDBACF077}.Release|Any CPU.ActiveCfg = Release|Any CPU
		{39623763-46E4-4A08-93E7-A94BDBACF077}.Release|Any CPU.Build.0 = Release|Any CPU
		{F16A5809-2D11-407E-A633-8B79D01551EA}.Debug|Any CPU.ActiveCfg = Debug|Any CPU
		{F16A5809-2D11-407E-A633-8B79D01551EA}.Debug|Any CPU.Build.0 = Debug|Any CPU
		{F16A5809-2D11-407E-A633-8B79D01551EA}.Release|Any CPU.ActiveCfg = Release|Any CPU
		{F16A5809-2D11-407E-A633-8B79D01551EA}.Release|Any CPU.Build.0 = Release|Any CPU
	EndGlobalSection
	GlobalSection(SolutionProperties) = preSolution
		HideSolutionNode = FALSE
	EndGlobalSection
EndGlobal
